
Microsoft Visual Studio Solution File, Format Version 12.00
# Visual Studio Version 17
VisualStudioVersion = 17.1.32328.378
MinimumVisualStudioVersion = 10.0.40219.1
Project("{FAE04EC0-301F-11D3-BF4B-00C04F79EFBC}") = "If", "If\If.csproj", "{87F810E0-CAAF-4189-A1F9-06E72F010C82}"
EndProject
Global
	GlobalSection(SolutionConfigurationPlatforms) = preSolution
		Debug|Any CPU = Debug|Any CPU
		Release|Any CPU = Release|Any CPU
	EndGlobalSection
	GlobalSection(ProjectConfigurationPlatforms) = postSolution
		{87F810E0-CAAF-4189-A1F9-06E72F010C82}.Debug|Any CPU.ActiveCfg = Debug|Any CPU
		{87F810E0-CAAF-4189-A1F9-06E72F010C82}.Debug|Any CPU.Build.0 = Debug|Any CPU
		{87F810E0-CAAF-4189-A1F9-06E72F010C82}.Release|Any CPU.ActiveCfg = Release|Any CPU
		{87F810E0-CAAF-4189-A1F9-06E72F010C82}.Release|Any CPU.Build.0 = Release|Any CPU
	EndGlobalSection
	GlobalSection(SolutionProperties) = preSolution
		HideSolutionNode = FALSE
	EndGlobalSection
	GlobalSection(ExtensibilityGlobals) = postSolution
		SolutionGuid = {68F29853-0659-4A89-B0DA-FA98DD13B7FA}
	EndGlobalSection
EndGlobal
